
Microsoft Visual Studio Solution File, Format Version 12.00
# Visual Studio Version 17
VisualStudioVersion = 17.7.34221.43
MinimumVisualStudioVersion = 10.0.40219.1
Project("{FAE04EC0-301F-11D3-BF4B-00C04F79EFBC}") = "myapp", "myapp\myapp.csproj", "{63D15635-9641-4203-98B3-48681484F5DC}"
EndProject
Global
	GlobalSection(SolutionConfigurationPlatforms) = preSolution
		Debug|Any CPU = Debug|Any CPU
		Release|Any CPU = Release|Any CPU
	EndGlobalSection
	GlobalSection(ProjectConfigurationPlatforms) = postSolution
		{63D15635-9641-4203-98B3-48681484F5DC}.Debug|Any CPU.ActiveCfg = Debug|Any CPU
		{63D15635-9641-4203-98B3-48681484F5DC}.Debug|Any CPU.Build.0 = Debug|Any CPU
		{63D15635-9641-4203-98B3-48681484F5DC}.Debug|Any CPU.Deploy.0 = Debug|Any CPU
		{63D15635-9641-4203-98B3-48681484F5DC}.Release|Any CPU.ActiveCfg = Release|Any CPU
		{63D15635-9641-4203-98B3-48681484F5DC}.Release|Any CPU.Build.0 = Release|Any CPU
		{63D15635-9641-4203-98B3-48681484F5DC}.Release|Any CPU.Deploy.0 = Release|Any CPU
	EndGlobalSection
	GlobalSection(SolutionProperties) = preSolution
		HideSolutionNode = FALSE
	EndGlobalSection
	GlobalSection(ExtensibilityGlobals) = postSolution
		SolutionGuid = {2EC034F9-110F-446C-86F6-45441C5E6BA2}
	EndGlobalSection
EndGlobal
